
Microsoft Visual Studio Solution File, Format Version 12.00
# Visual Studio Version 16
VisualStudioVersion = 16.0.31727.386
MinimumVisualStudioVersion = 10.0.40219.1
Project("{FAE04EC0-301F-11D3-BF4B-00C04F79EFBC}") = "matan2_Console", "matan2_Console\matan2_Console.csproj", "{8D25F39B-8EFC-4FD9-BC1E-A41C7C0E1135}"
EndProject
Global
	GlobalSection(SolutionConfigurationPlatforms) = preSolution
		Debug|Any CPU = Debug|Any CPU
		Release|Any CPU = Release|Any CPU
	EndGlobalSection
	GlobalSection(ProjectConfigurationPlatforms) = postSolution
		{8D25F39B-8EFC-4FD9-BC1E-A41C7C0E1135}.Debug|Any CPU.ActiveCfg = Debug|Any CPU
		{8D25F39B-8EFC-4FD9-BC1E-A41C7C0E1135}.Debug|Any CPU.Build.0 = Debug|Any CPU
		{8D25F39B-8EFC-4FD9-BC1E-A41C7C0E1135}.Release|Any CPU.ActiveCfg = Release|Any CPU
		{8D25F39B-8EFC-4FD9-BC1E-A41C7C0E1135}.Release|Any CPU.Build.0 = Release|Any CPU
	EndGlobalSection
	GlobalSection(SolutionProperties) = preSolution
		HideSolutionNode = FALSE
	EndGlobalSection
	GlobalSection(ExtensibilityGlobals) = postSolution
		SolutionGuid = {90D5BB8F-A182-46AE-B15F-7C38F39D35B8}
	EndGlobalSection
EndGlobal
